
Microsoft Visual Studio Solution File, Format Version 12.00
# Visual Studio Version 17
VisualStudioVersion = 17.8.34316.72
MinimumVisualStudioVersion = 10.0.40219.1
Project("{FAE04EC0-301F-11D3-BF4B-00C04F79EFBC}") = "Assignment_DMAWS", "Assignment_DMAWS\Assignment_DMAWS.csproj", "{24CB49BD-5995-4796-914D-56D918E185BF}"
EndProject
Global
	GlobalSection(SolutionConfigurationPlatforms) = preSolution
		Debug|Any CPU = Debug|Any CPU
		Release|Any CPU = Release|Any CPU
	EndGlobalSection
	GlobalSection(ProjectConfigurationPlatforms) = postSolution
		{24CB49BD-5995-4796-914D-56D918E185BF}.Debug|Any CPU.ActiveCfg = Debug|Any CPU
		{24CB49BD-5995-4796-914D-56D918E185BF}.Debug|Any CPU.Build.0 = Debug|Any CPU
		{24CB49BD-5995-4796-914D-56D918E185BF}.Release|Any CPU.ActiveCfg = Release|Any CPU
		{24CB49BD-5995-4796-914D-56D918E185BF}.Release|Any CPU.Build.0 = Release|Any CPU
	EndGlobalSection
	GlobalSection(SolutionProperties) = preSolution
		HideSolutionNode = FALSE
	EndGlobalSection
	GlobalSection(ExtensibilityGlobals) = postSolution
		SolutionGuid = {4670ECEB-C13B-4F33-869B-179F7C7A03E4}
	EndGlobalSection
EndGlobal
